// !$*UTF8*$!
{
	archiveVersion = 1;
	classes = {
	};
	objectVersion = 51;
	objects = {

/* Begin PBXBuildFile section */
		22F632DAA889C95C99F058E3 /* Pods_ShobuTenTen.framework in Frameworks */ = {isa = PBXBuildFile; fileRef = 46DEB448578ADBFA1C43CF0A /* Pods_ShobuTenTen.framework */; };
		BC3D0EAA26C076FF0010918E /* AppDelegate.swift in Sources */ = {isa = PBXBuildFile; fileRef = BC3D0EA926C076FF0010918E /* AppDelegate.swift */; };
		BC3D0EAC26C076FF0010918E /* SceneDelegate.swift in Sources */ = {isa = PBXBuildFile; fileRef = BC3D0EAB26C076FF0010918E /* SceneDelegate.swift */; };
		BC3D0EAE26C076FF0010918E /* HomeVC.swift in Sources */ = {isa = PBXBuildFile; fileRef = BC3D0EAD26C076FF0010918E /* HomeVC.swift */; };
		BC3D0EB126C076FF0010918E /* Main.storyboard in Resources */ = {isa = PBXBuildFile; fileRef = BC3D0EAF26C076FF0010918E /* Main.storyboard */; };
		BC3D0EB326C077000010918E /* Assets.xcassets in Resources */ = {isa = PBXBuildFile; fileRef = BC3D0EB226C077000010918E /* Assets.xcassets */; };
		BC3D0EB626C077000010918E /* LaunchScreen.storyboard in Resources */ = {isa = PBXBuildFile; fileRef = BC3D0EB426C077000010918E /* LaunchScreen.storyboard */; };
		BC64B53026CB11C1002600AB /* DotsCollectionViewCell.swift in Sources */ = {isa = PBXBuildFile; fileRef = BC64B52E26CB11C1002600AB /* DotsCollectionViewCell.swift */; };
		BC64B53126CB11C1002600AB /* DotsCollectionViewCell.xib in Resources */ = {isa = PBXBuildFile; fileRef = BC64B52F26CB11C1002600AB /* DotsCollectionViewCell.xib */; };
		BC7B4AF626C134D100B64F78 /* TapBattleVC.swift in Sources */ = {isa = PBXBuildFile; fileRef = BC7B4AF526C134D100B64F78 /* TapBattleVC.swift */; };
		BC7B4AFD26C13F4400B64F78 /* Players.swift in Sources */ = {isa = PBXBuildFile; fileRef = BC7B4AFC26C13F4400B64F78 /* Players.swift */; };
		BC7B4AFF26C1514000B64F78 /* Constants.swift in Sources */ = {isa = PBXBuildFile; fileRef = BC7B4AFE26C1514000B64F78 /* Constants.swift */; };
		BC86314B26CA405F00DE83C8 /* SongButton.swift in Sources */ = {isa = PBXBuildFile; fileRef = BC86314A26CA405F00DE83C8 /* SongButton.swift */; };
		BC86314D26CA412A00DE83C8 /* SoundButton.swift in Sources */ = {isa = PBXBuildFile; fileRef = BC86314C26CA412A00DE83C8 /* SoundButton.swift */; };
		BC86314F26CA418700DE83C8 /* TimeButton.swift in Sources */ = {isa = PBXBuildFile; fileRef = BC86314E26CA418700DE83C8 /* TimeButton.swift */; };
		BC86315126CA41C800DE83C8 /* ToggleSoundButton.swift in Sources */ = {isa = PBXBuildFile; fileRef = BC86315026CA41C800DE83C8 /* ToggleSoundButton.swift */; };
		BC932D2E26C1B62600AA045F /* Extensions.swift in Sources */ = {isa = PBXBuildFile; fileRef = BC932D2D26C1B62600AA045F /* Extensions.swift */; };
		BC932D3126C1EB9000AA045F /* Samurai.mp3 in Resources */ = {isa = PBXBuildFile; fileRef = BC932D3026C1EB9000AA045F /* Samurai.mp3 */; };
		BC932D3326C1EB9800AA045F /* Arcade.mp3 in Resources */ = {isa = PBXBuildFile; fileRef = BC932D3226C1EB9800AA045F /* Arcade.mp3 */; };
		BC932D3526C1EBA000AA045F /* Retro.mp3 in Resources */ = {isa = PBXBuildFile; fileRef = BC932D3426C1EBA000AA045F /* Retro.mp3 */; };
		BC932D3926C1EC2900AA045F /* Sword.m4a in Resources */ = {isa = PBXBuildFile; fileRef = BC932D3826C1EC2900AA045F /* Sword.m4a */; };
		BC932D3A26C1EC2D00AA045F /* Pop.m4a in Resources */ = {isa = PBXBuildFile; fileRef = BC932D3626C1EBF300AA045F /* Pop.m4a */; };
		BC932D3D26C1ECD200AA045F /* SoundManager.swift in Sources */ = {isa = PBXBuildFile; fileRef = BC932D3C26C1ECD200AA045F /* SoundManager.swift */; };
		BCBDE94026C5DF5F00E2AF7D /* DotsVC.swift in Sources */ = {isa = PBXBuildFile; fileRef = BCBDE93F26C5DF5F00E2AF7D /* DotsVC.swift */; };
		BCBDE94626C60CFE00E2AF7D /* TestVC.swift in Sources */ = {isa = PBXBuildFile; fileRef = BCBDE94526C60CFE00E2AF7D /* TestVC.swift */; };
		BCBF806726C859DC00052A4F /* SettingsStack.swift in Sources */ = {isa = PBXBuildFile; fileRef = BCBF806626C859DC00052A4F /* SettingsStack.swift */; };
		BCBF806B26C85A1600052A4F /* SettingsStack.xib in Resources */ = {isa = PBXBuildFile; fileRef = BCBF806A26C85A1600052A4F /* SettingsStack.xib */; };
		BCBFE8CF26CE308A00BA477B /* GoogleService-Info.plist in Resources */ = {isa = PBXBuildFile; fileRef = BCBFE8CE26CE308A00BA477B /* GoogleService-Info.plist */; };
		BCBFEE0C26C3315400A46F01 /* SwipeBattleVC.swift in Sources */ = {isa = PBXBuildFile; fileRef = BCBFEE0B26C3315400A46F01 /* SwipeBattleVC.swift */; };
		BCCEF1C426C384B9007C3402 /* Global.swift in Sources */ = {isa = PBXBuildFile; fileRef = BCCEF1C326C384B9007C3402 /* Global.swift */; };
		BCCEF1C726C38D5C007C3402 /* ChooseGameCell.swift in Sources */ = {isa = PBXBuildFile; fileRef = BCCEF1C526C38D5C007C3402 /* ChooseGameCell.swift */; };
		BCCEF1C826C38D5C007C3402 /* ChooseGameCell.xib in Resources */ = {isa = PBXBuildFile; fileRef = BCCEF1C626C38D5C007C3402 /* ChooseGameCell.xib */; };
		BCCEF1CA26C3A617007C3402 /* SwipeView.swift in Sources */ = {isa = PBXBuildFile; fileRef = BCCEF1C926C3A617007C3402 /* SwipeView.swift */; };
		BCFB1E9826C79EBA000567E3 /* SettingsBackgroundView.swift in Sources */ = {isa = PBXBuildFile; fileRef = BCFB1E9726C79EBA000567E3 /* SettingsBackgroundView.swift */; };
		BCFB1E9A26C7A231000567E3 /* SettingsButtonStack.swift in Sources */ = {isa = PBXBuildFile; fileRef = BCFB1E9926C7A231000567E3 /* SettingsButtonStack.swift */; };
		BCFB1E9C26C7A712000567E3 /* SettingsButton.swift in Sources */ = {isa = PBXBuildFile; fileRef = BCFB1E9B26C7A712000567E3 /* SettingsButton.swift */; };
/* End PBXBuildFile section */

/* Begin PBXFileReference section */
		46DEB448578ADBFA1C43CF0A /* Pods_ShobuTenTen.framework */ = {isa = PBXFileReference; explicitFileType = wrapper.framework; includeInIndex = 0; path = Pods_ShobuTenTen.framework; sourceTree = BUILT_PRODUCTS_DIR; };
		66B7090B55BF008D06FF9112 /* Pods-ShobuTenTen.debug.xcconfig */ = {isa = PBXFileReference; includeInIndex = 1; lastKnownFileType = text.xcconfig; name = "Pods-ShobuTenTen.debug.xcconfig"; path = "Target Support Files/Pods-ShobuTenTen/Pods-ShobuTenTen.debug.xcconfig"; sourceTree = "<group>"; };
		BC22C3770871414042D02421 /* Pods-ShobuTenTen.release.xcconfig */ = {isa = PBXFileReference; includeInIndex = 1; lastKnownFileType = text.xcconfig; name = "Pods-ShobuTenTen.release.xcconfig"; path = "Target Support Files/Pods-ShobuTenTen/Pods-ShobuTenTen.release.xcconfig"; sourceTree = "<group>"; };
		BC3D0EA626C076FF0010918E /* ShobuTenTen.app */ = {isa = PBXFileReference; explicitFileType = wrapper.application; includeInIndex = 0; path = ShobuTenTen.app; sourceTree = BUILT_PRODUCTS_DIR; };
		BC3D0EA926C076FF0010918E /* AppDelegate.swift */ = {isa = PBXFileReference; lastKnownFileType = sourcecode.swift; path = AppDelegate.swift; sourceTree = "<group>"; };
		BC3D0EAB26C076FF0010918E /* SceneDelegate.swift */ = {isa = PBXFileReference; lastKnownFileType = sourcecode.swift; path = SceneDelegate.swift; sourceTree = "<group>"; };
		BC3D0EAD26C076FF0010918E /* HomeVC.swift */ = {isa = PBXFileReference; lastKnownFileType = sourcecode.swift; path = HomeVC.swift; sourceTree = "<group>"; };
		BC3D0EB026C076FF0010918E /* Base */ = {isa = PBXFileReference; lastKnownFileType = file.storyboard; name = Base; path = Base.lproj/Main.storyboard; sourceTree = "<group>"; };
		BC3D0EB226C077000010918E /* Assets.xcassets */ = {isa = PBXFileReference; lastKnownFileType = folder.assetcatalog; path = Assets.xcassets; sourceTree = "<group>"; };
		BC3D0EB526C077000010918E /* Base */ = {isa = PBXFileReference; lastKnownFileType = file.storyboard; name = Base; path = Base.lproj/LaunchScreen.storyboard; sourceTree = "<group>"; };
		BC3D0EB726C077000010918E /* Info.plist */ = {isa = PBXFileReference; lastKnownFileType = text.plist.xml; path = Info.plist; sourceTree = "<group>"; };
		BC64B52E26CB11C1002600AB /* DotsCollectionViewCell.swift */ = {isa = PBXFileReference; lastKnownFileType = sourcecode.swift; path = DotsCollectionViewCell.swift; sourceTree = "<group>"; };
		BC64B52F26CB11C1002600AB /* DotsCollectionViewCell.xib */ = {isa = PBXFileReference; lastKnownFileType = file.xib; path = DotsCollectionViewCell.xib; sourceTree = "<group>"; };
		BC7B4AF526C134D100B64F78 /* TapBattleVC.swift */ = {isa = PBXFileReference; lastKnownFileType = sourcecode.swift; path = TapBattleVC.swift; sourceTree = "<group>"; };
		BC7B4AFC26C13F4400B64F78 /* Players.swift */ = {isa = PBXFileReference; lastKnownFileType = sourcecode.swift; path = Players.swift; sourceTree = "<group>"; };
		BC7B4AFE26C1514000B64F78 /* Constants.swift */ = {isa = PBXFileReference; lastKnownFileType = sourcecode.swift; path = Constants.swift; sourceTree = "<group>"; };
		BC86314A26CA405F00DE83C8 /* SongButton.swift */ = {isa = PBXFileReference; lastKnownFileType = sourcecode.swift; path = SongButton.swift; sourceTree = "<group>"; };
		BC86314C26CA412A00DE83C8 /* SoundButton.swift */ = {isa = PBXFileReference; lastKnownFileType = sourcecode.swift; path = SoundButton.swift; sourceTree = "<group>"; };
		BC86314E26CA418700DE83C8 /* TimeButton.swift */ = {isa = PBXFileReference; lastKnownFileType = sourcecode.swift; path = TimeButton.swift; sourceTree = "<group>"; };
		BC86315026CA41C800DE83C8 /* ToggleSoundButton.swift */ = {isa = PBXFileReference; lastKnownFileType = sourcecode.swift; path = ToggleSoundButton.swift; sourceTree = "<group>"; };
		BC932D2D26C1B62600AA045F /* Extensions.swift */ = {isa = PBXFileReference; lastKnownFileType = sourcecode.swift; path = Extensions.swift; sourceTree = "<group>"; };
		BC932D3026C1EB9000AA045F /* Samurai.mp3 */ = {isa = PBXFileReference; lastKnownFileType = audio.mp3; path = Samurai.mp3; sourceTree = "<group>"; };
		BC932D3226C1EB9800AA045F /* Arcade.mp3 */ = {isa = PBXFileReference; lastKnownFileType = audio.mp3; path = Arcade.mp3; sourceTree = "<group>"; };
		BC932D3426C1EBA000AA045F /* Retro.mp3 */ = {isa = PBXFileReference; lastKnownFileType = audio.mp3; path = Retro.mp3; sourceTree = "<group>"; };
		BC932D3626C1EBF300AA045F /* Pop.m4a */ = {isa = PBXFileReference; lastKnownFileType = file; path = Pop.m4a; sourceTree = "<group>"; };
		BC932D3826C1EC2900AA045F /* Sword.m4a */ = {isa = PBXFileReference; lastKnownFileType = file; path = Sword.m4a; sourceTree = "<group>"; };
		BC932D3C26C1ECD200AA045F /* SoundManager.swift */ = {isa = PBXFileReference; lastKnownFileType = sourcecode.swift; path = SoundManager.swift; sourceTree = "<group>"; };
		BCBDE93F26C5DF5F00E2AF7D /* DotsVC.swift */ = {isa = PBXFileReference; lastKnownFileType = sourcecode.swift; path = DotsVC.swift; sourceTree = "<group>"; };
		BCBDE94526C60CFE00E2AF7D /* TestVC.swift */ = {isa = PBXFileReference; lastKnownFileType = sourcecode.swift; path = TestVC.swift; sourceTree = "<group>"; };
		BCBF806626C859DC00052A4F /* SettingsStack.swift */ = {isa = PBXFileReference; lastKnownFileType = sourcecode.swift; path = SettingsStack.swift; sourceTree = "<group>"; };
		BCBF806A26C85A1600052A4F /* SettingsStack.xib */ = {isa = PBXFileReference; lastKnownFileType = file.xib; path = SettingsStack.xib; sourceTree = "<group>"; };
		BCBFE8CE26CE308A00BA477B /* GoogleService-Info.plist */ = {isa = PBXFileReference; fileEncoding = 4; lastKnownFileType = text.plist.xml; path = "GoogleService-Info.plist"; sourceTree = "<group>"; };
		BCBFEE0B26C3315400A46F01 /* SwipeBattleVC.swift */ = {isa = PBXFileReference; lastKnownFileType = sourcecode.swift; path = SwipeBattleVC.swift; sourceTree = "<group>"; };
		BCCEF1C326C384B9007C3402 /* Global.swift */ = {isa = PBXFileReference; lastKnownFileType = sourcecode.swift; path = Global.swift; sourceTree = "<group>"; };
		BCCEF1C526C38D5C007C3402 /* ChooseGameCell.swift */ = {isa = PBXFileReference; lastKnownFileType = sourcecode.swift; path = ChooseGameCell.swift; sourceTree = "<group>"; };
		BCCEF1C626C38D5C007C3402 /* ChooseGameCell.xib */ = {isa = PBXFileReference; lastKnownFileType = file.xib; path = ChooseGameCell.xib; sourceTree = "<group>"; };
		BCCEF1C926C3A617007C3402 /* SwipeView.swift */ = {isa = PBXFileReference; lastKnownFileType = sourcecode.swift; path = SwipeView.swift; sourceTree = "<group>"; };
		BCFB1E9726C79EBA000567E3 /* SettingsBackgroundView.swift */ = {isa = PBXFileReference; lastKnownFileType = sourcecode.swift; path = SettingsBackgroundView.swift; sourceTree = "<group>"; };
		BCFB1E9926C7A231000567E3 /* SettingsButtonStack.swift */ = {isa = PBXFileReference; lastKnownFileType = sourcecode.swift; path = SettingsButtonStack.swift; sourceTree = "<group>"; };
		BCFB1E9B26C7A712000567E3 /* SettingsButton.swift */ = {isa = PBXFileReference; lastKnownFileType = sourcecode.swift; path = SettingsButton.swift; sourceTree = "<group>"; };
/* End PBXFileReference section */

/* Begin PBXFrameworksBuildPhase section */
		BC3D0EA326C076FF0010918E /* Frameworks */ = {
			isa = PBXFrameworksBuildPhase;
			buildActionMask = 2147483647;
			files = (
				22F632DAA889C95C99F058E3 /* Pods_ShobuTenTen.framework in Frameworks */,
			);
			runOnlyForDeploymentPostprocessing = 0;
		};
/* End PBXFrameworksBuildPhase section */

/* Begin PBXGroup section */
		2A6B277B93E23C1EF854386E /* Pods */ = {
			isa = PBXGroup;
			children = (
				66B7090B55BF008D06FF9112 /* Pods-ShobuTenTen.debug.xcconfig */,
				BC22C3770871414042D02421 /* Pods-ShobuTenTen.release.xcconfig */,
			);
			path = Pods;
			sourceTree = "<group>";
		};
		B33438B2651F83A8B5394593 /* Frameworks */ = {
			isa = PBXGroup;
			children = (
				46DEB448578ADBFA1C43CF0A /* Pods_ShobuTenTen.framework */,
			);
			name = Frameworks;
			sourceTree = "<group>";
		};
		BC3D0E9D26C076FF0010918E = {
			isa = PBXGroup;
			children = (
				BC3D0EA826C076FF0010918E /* ShobuTenTen */,
				BC3D0EA726C076FF0010918E /* Products */,
				2A6B277B93E23C1EF854386E /* Pods */,
				B33438B2651F83A8B5394593 /* Frameworks */,
			);
			sourceTree = "<group>";
		};
		BC3D0EA726C076FF0010918E /* Products */ = {
			isa = PBXGroup;
			children = (
				BC3D0EA626C076FF0010918E /* ShobuTenTen.app */,
			);
			name = Products;
			sourceTree = "<group>";
		};
		BC3D0EA826C076FF0010918E /* ShobuTenTen */ = {
			isa = PBXGroup;
			children = (
				BC3D0EA926C076FF0010918E /* AppDelegate.swift */,
				BC3D0EAB26C076FF0010918E /* SceneDelegate.swift */,
				BC932D3B26C1ECAD00AA045F /* Helpers */,
				BC7B4AFB26C13F2000B64F78 /* Model */,
				BC7B4AF726C13D6700B64F78 /* View */,
				BC7B4AF426C1349A00B64F78 /* Controller */,
				BC3D0EB226C077000010918E /* Assets.xcassets */,
				BC932D2F26C1EB8000AA045F /* Sounds */,
				BC3D0EB726C077000010918E /* Info.plist */,
				BCBFE8CE26CE308A00BA477B /* GoogleService-Info.plist */,
			);
			path = ShobuTenTen;
			sourceTree = "<group>";
		};
		BC7B4AF426C1349A00B64F78 /* Controller */ = {
			isa = PBXGroup;
			children = (
				BC3D0EAD26C076FF0010918E /* HomeVC.swift */,
				BC7B4AF526C134D100B64F78 /* TapBattleVC.swift */,
				BCBFEE0B26C3315400A46F01 /* SwipeBattleVC.swift */,
				BCBDE93F26C5DF5F00E2AF7D /* DotsVC.swift */,
				BCBDE94526C60CFE00E2AF7D /* TestVC.swift */,
			);
			path = Controller;
			sourceTree = "<group>";
		};
		BC7B4AF726C13D6700B64F78 /* View */ = {
			isa = PBXGroup;
			children = (
				BC3D0EB426C077000010918E /* LaunchScreen.storyboard */,
				BC3D0EAF26C076FF0010918E /* Main.storyboard */,
				BCCEF1C526C38D5C007C3402 /* ChooseGameCell.swift */,
				BCCEF1C626C38D5C007C3402 /* ChooseGameCell.xib */,
				BCCEF1C926C3A617007C3402 /* SwipeView.swift */,
				BCFB1E9726C79EBA000567E3 /* SettingsBackgroundView.swift */,
				BCFB1E9B26C7A712000567E3 /* SettingsButton.swift */,
				BCBF806A26C85A1600052A4F /* SettingsStack.xib */,
				BCBF806626C859DC00052A4F /* SettingsStack.swift */,
				BCFB1E9926C7A231000567E3 /* SettingsButtonStack.swift */,
				BC86314A26CA405F00DE83C8 /* SongButton.swift */,
				BC86314C26CA412A00DE83C8 /* SoundButton.swift */,
				BC86314E26CA418700DE83C8 /* TimeButton.swift */,
				BC86315026CA41C800DE83C8 /* ToggleSoundButton.swift */,
				BC64B52E26CB11C1002600AB /* DotsCollectionViewCell.swift */,
				BC64B52F26CB11C1002600AB /* DotsCollectionViewCell.xib */,
			);
			path = View;
			sourceTree = "<group>";
		};
		BC7B4AFB26C13F2000B64F78 /* Model */ = {
			isa = PBXGroup;
			children = (
				BC7B4AFC26C13F4400B64F78 /* Players.swift */,
			);
			path = Model;
			sourceTree = "<group>";
		};
		BC932D2F26C1EB8000AA045F /* Sounds */ = {
			isa = PBXGroup;
			children = (
				BC932D3726C1EC0200AA045F /* Songs */,
				BC932D3826C1EC2900AA045F /* Sword.m4a */,
				BC932D3626C1EBF300AA045F /* Pop.m4a */,
			);
			path = Sounds;
			sourceTree = "<group>";
		};
		BC932D3726C1EC0200AA045F /* Songs */ = {
			isa = PBXGroup;
			children = (
				BC932D3026C1EB9000AA045F /* Samurai.mp3 */,
				BC932D3226C1EB9800AA045F /* Arcade.mp3 */,
				BC932D3426C1EBA000AA045F /* Retro.mp3 */,
			);
			path = Songs;
			sourceTree = "<group>";
		};
		BC932D3B26C1ECAD00AA045F /* Helpers */ = {
			isa = PBXGroup;
			children = (
				BC7B4AFE26C1514000B64F78 /* Constants.swift */,
				BC932D2D26C1B62600AA045F /* Extensions.swift */,
				BC932D3C26C1ECD200AA045F /* SoundManager.swift */,
				BCCEF1C326C384B9007C3402 /* Global.swift */,
			);
			path = Helpers;
			sourceTree = "<group>";
		};
/* End PBXGroup section */

/* Begin PBXNativeTarget section */
		BC3D0EA526C076FF0010918E /* ShobuTenTen */ = {
			isa = PBXNativeTarget;
			buildConfigurationList = BC3D0EBA26C077000010918E /* Build configuration list for PBXNativeTarget "ShobuTenTen" */;
			buildPhases = (
				2D3CACA55920DA0152161655 /* [CP] Check Pods Manifest.lock */,
				BC3D0EA226C076FF0010918E /* Sources */,
				BC3D0EA326C076FF0010918E /* Frameworks */,
				BC3D0EA426C076FF0010918E /* Resources */,
				867F077FBEE4D49855C38EBD /* [CP] Embed Pods Frameworks */,
			);
			buildRules = (
			);
			dependencies = (
			);
			name = ShobuTenTen;
			productName = ShobuTenTen;
			productReference = BC3D0EA626C076FF0010918E /* ShobuTenTen.app */;
			productType = "com.apple.product-type.application";
		};
/* End PBXNativeTarget section */

/* Begin PBXProject section */
		BC3D0E9E26C076FF0010918E /* Project object */ = {
			isa = PBXProject;
			attributes = {
				LastSwiftUpdateCheck = 1250;
				LastUpgradeCheck = 1250;
				TargetAttributes = {
					BC3D0EA526C076FF0010918E = {
						CreatedOnToolsVersion = 12.5.1;
					};
				};
			};
			buildConfigurationList = BC3D0EA126C076FF0010918E /* Build configuration list for PBXProject "ShobuTenTen" */;
			compatibilityVersion = "Xcode 9.3";
			developmentRegion = en;
			hasScannedForEncodings = 0;
			knownRegions = (
				en,
				Base,
			);
			mainGroup = BC3D0E9D26C076FF0010918E;
			productRefGroup = BC3D0EA726C076FF0010918E /* Products */;
			projectDirPath = "";
			projectRoot = "";
			targets = (
				BC3D0EA526C076FF0010918E /* ShobuTenTen */,
			);
		};
/* End PBXProject section */

/* Begin PBXResourcesBuildPhase section */
		BC3D0EA426C076FF0010918E /* Resources */ = {
			isa = PBXResourcesBuildPhase;
			buildActionMask = 2147483647;
			files = (
				BC932D3326C1EB9800AA045F /* Arcade.mp3 in Resources */,
				BC3D0EB626C077000010918E /* LaunchScreen.storyboard in Resources */,
				BC3D0EB326C077000010918E /* Assets.xcassets in Resources */,
				BCBF806B26C85A1600052A4F /* SettingsStack.xib in Resources */,
				BCCEF1C826C38D5C007C3402 /* ChooseGameCell.xib in Resources */,
				BC3D0EB126C076FF0010918E /* Main.storyboard in Resources */,
				BC932D3126C1EB9000AA045F /* Samurai.mp3 in Resources */,
				BCBFE8CF26CE308A00BA477B /* GoogleService-Info.plist in Resources */,
				BC932D3526C1EBA000AA045F /* Retro.mp3 in Resources */,
				BC932D3A26C1EC2D00AA045F /* Pop.m4a in Resources */,
				BC64B53126CB11C1002600AB /* DotsCollectionViewCell.xib in Resources */,
				BC932D3926C1EC2900AA045F /* Sword.m4a in Resources */,
			);
			runOnlyForDeploymentPostprocessing = 0;
		};
/* End PBXResourcesBuildPhase section */

/* Begin PBXShellScriptBuildPhase section */
		2D3CACA55920DA0152161655 /* [CP] Check Pods Manifest.lock */ = {
			isa = PBXShellScriptBuildPhase;
			buildActionMask = 2147483647;
			files = (
			);
			inputFileListPaths = (
			);
			inputPaths = (
				"${PODS_PODFILE_DIR_PATH}/Podfile.lock",
				"${PODS_ROOT}/Manifest.lock",
			);
			name = "[CP] Check Pods Manifest.lock";
			outputFileListPaths = (
			);
			outputPaths = (
				"$(DERIVED_FILE_DIR)/Pods-ShobuTenTen-checkManifestLockResult.txt",
			);
			runOnlyForDeploymentPostprocessing = 0;
			shellPath = /bin/sh;
			shellScript = "diff \"${PODS_PODFILE_DIR_PATH}/Podfile.lock\" \"${PODS_ROOT}/Manifest.lock\" > /dev/null\nif [ $? != 0 ] ; then\n    # print error to STDERR\n    echo \"error: The sandbox is not in sync with the Podfile.lock. Run 'pod install' or update your CocoaPods installation.\" >&2\n    exit 1\nfi\n# This output is used by Xcode 'outputs' to avoid re-running this script phase.\necho \"SUCCESS\" > \"${SCRIPT_OUTPUT_FILE_0}\"\n";
			showEnvVarsInLog = 0;
		};
		867F077FBEE4D49855C38EBD /* [CP] Embed Pods Frameworks */ = {
			isa = PBXShellScriptBuildPhase;
			buildActionMask = 2147483647;
			files = (
			);
			inputFileListPaths = (
				"${PODS_ROOT}/Target Support Files/Pods-ShobuTenTen/Pods-ShobuTenTen-frameworks-${CONFIGURATION}-input-files.xcfilelist",
			);
			name = "[CP] Embed Pods Frameworks";
			outputFileListPaths = (
				"${PODS_ROOT}/Target Support Files/Pods-ShobuTenTen/Pods-ShobuTenTen-frameworks-${CONFIGURATION}-output-files.xcfilelist",
			);
			runOnlyForDeploymentPostprocessing = 0;
			shellPath = /bin/sh;
			shellScript = "\"${PODS_ROOT}/Target Support Files/Pods-ShobuTenTen/Pods-ShobuTenTen-frameworks.sh\"\n";
			showEnvVarsInLog = 0;
		};
/* End PBXShellScriptBuildPhase section */

/* Begin PBXSourcesBuildPhase section */
		BC3D0EA226C076FF0010918E /* Sources */ = {
			isa = PBXSourcesBuildPhase;
			buildActionMask = 2147483647;
			files = (
				BC3D0EAE26C076FF0010918E /* HomeVC.swift in Sources */,
				BC932D3D26C1ECD200AA045F /* SoundManager.swift in Sources */,
				BC3D0EAA26C076FF0010918E /* AppDelegate.swift in Sources */,
				BCFB1E9826C79EBA000567E3 /* SettingsBackgroundView.swift in Sources */,
				BC86314F26CA418700DE83C8 /* TimeButton.swift in Sources */,
				BC7B4AF626C134D100B64F78 /* TapBattleVC.swift in Sources */,
				BC7B4AFD26C13F4400B64F78 /* Players.swift in Sources */,
				BC3D0EAC26C076FF0010918E /* SceneDelegate.swift in Sources */,
				BCBF806726C859DC00052A4F /* SettingsStack.swift in Sources */,
				BC7B4AFF26C1514000B64F78 /* Constants.swift in Sources */,
				BCCEF1CA26C3A617007C3402 /* SwipeView.swift in Sources */,
				BCFB1E9C26C7A712000567E3 /* SettingsButton.swift in Sources */,
				BC86314B26CA405F00DE83C8 /* SongButton.swift in Sources */,
				BCBFEE0C26C3315400A46F01 /* SwipeBattleVC.swift in Sources */,
				BC64B53026CB11C1002600AB /* DotsCollectionViewCell.swift in Sources */,
				BC86314D26CA412A00DE83C8 /* SoundButton.swift in Sources */,
				BCBDE94626C60CFE00E2AF7D /* TestVC.swift in Sources */,
				BCBDE94026C5DF5F00E2AF7D /* DotsVC.swift in Sources */,
				BCCEF1C426C384B9007C3402 /* Global.swift in Sources */,
				BCFB1E9A26C7A231000567E3 /* SettingsButtonStack.swift in Sources */,
				BCCEF1C726C38D5C007C3402 /* ChooseGameCell.swift in Sources */,
				BC932D2E26C1B62600AA045F /* Extensions.swift in Sources */,
				BC86315126CA41C800DE83C8 /* ToggleSoundButton.swift in Sources */,
			);
			runOnlyForDeploymentPostprocessing = 0;
		};
/* End PBXSourcesBuildPhase section */

/* Begin PBXVariantGroup section */
		BC3D0EAF26C076FF0010918E /* Main.storyboard */ = {
			isa = PBXVariantGroup;
			children = (
				BC3D0EB026C076FF0010918E /* Base */,
			);
			name = Main.storyboard;
			sourceTree = "<group>";
		};
		BC3D0EB426C077000010918E /* LaunchScreen.storyboard */ = {
			isa = PBXVariantGroup;
			children = (
				BC3D0EB526C077000010918E /* Base */,
			);
			name = LaunchScreen.storyboard;
			sourceTree = "<group>";
		};
/* End PBXVariantGroup section */

/* Begin XCBuildConfiguration section */
		BC3D0EB826C077000010918E /* Debug */ = {
			isa = XCBuildConfiguration;
			buildSettings = {
				ALWAYS_SEARCH_USER_PATHS = NO;
				CLANG_ANALYZER_NONNULL = YES;
				CLANG_ANALYZER_NUMBER_OBJECT_CONVERSION = YES_AGGRESSIVE;
				CLANG_CXX_LANGUAGE_STANDARD = "gnu++14";
				CLANG_CXX_LIBRARY = "libc++";
				CLANG_ENABLE_MODULES = YES;
				CLANG_ENABLE_OBJC_ARC = YES;
				CLANG_ENABLE_OBJC_WEAK = YES;
				CLANG_WARN_BLOCK_CAPTURE_AUTORELEASING = YES;
				CLANG_WARN_BOOL_CONVERSION = YES;
				CLANG_WARN_COMMA = YES;
				CLANG_WARN_CONSTANT_CONVERSION = YES;
				CLANG_WARN_DEPRECATED_OBJC_IMPLEMENTATIONS = YES;
				CLANG_WARN_DIRECT_OBJC_ISA_USAGE = YES_ERROR;
				CLANG_WARN_DOCUMENTATION_COMMENTS = YES;
				CLANG_WARN_EMPTY_BODY = YES;
				CLANG_WARN_ENUM_CONVERSION = YES;
				CLANG_WARN_INFINITE_RECURSION = YES;
				CLANG_WARN_INT_CONVERSION = YES;
				CLANG_WARN_NON_LITERAL_NULL_CONVERSION = YES;
				CLANG_WARN_OBJC_IMPLICIT_RETAIN_SELF = YES;
				CLANG_WARN_OBJC_LITERAL_CONVERSION = YES;
				CLANG_WARN_OBJC_ROOT_CLASS = YES_ERROR;
				CLANG_WARN_QUOTED_INCLUDE_IN_FRAMEWORK_HEADER = YES;
				CLANG_WARN_RANGE_LOOP_ANALYSIS = YES;
				CLANG_WARN_STRICT_PROTOTYPES = YES;
				CLANG_WARN_SUSPICIOUS_MOVE = YES;
				CLANG_WARN_UNGUARDED_AVAILABILITY = YES_AGGRESSIVE;
				CLANG_WARN_UNREACHABLE_CODE = YES;
				CLANG_WARN__DUPLICATE_METHOD_MATCH = YES;
				COPY_PHASE_STRIP = NO;
				DEBUG_INFORMATION_FORMAT = dwarf;
				ENABLE_STRICT_OBJC_MSGSEND = YES;
				ENABLE_TESTABILITY = YES;
				GCC_C_LANGUAGE_STANDARD = gnu11;
				GCC_DYNAMIC_NO_PIC = NO;
				GCC_NO_COMMON_BLOCKS = YES;
				GCC_OPTIMIZATION_LEVEL = 0;
				GCC_PREPROCESSOR_DEFINITIONS = (
					"DEBUG=1",
					"$(inherited)",
				);
				GCC_WARN_64_TO_32_BIT_CONVERSION = YES;
				GCC_WARN_ABOUT_RETURN_TYPE = YES_ERROR;
				GCC_WARN_UNDECLARED_SELECTOR = YES;
				GCC_WARN_UNINITIALIZED_AUTOS = YES_AGGRESSIVE;
				GCC_WARN_UNUSED_FUNCTION = YES;
				GCC_WARN_UNUSED_VARIABLE = YES;
				IPHONEOS_DEPLOYMENT_TARGET = 14.1;
				MTL_ENABLE_DEBUG_INFO = INCLUDE_SOURCE;
				MTL_FAST_MATH = YES;
				ONLY_ACTIVE_ARCH = YES;
				SDKROOT = iphoneos;
				SWIFT_ACTIVE_COMPILATION_CONDITIONS = DEBUG;
				SWIFT_OPTIMIZATION_LEVEL = "-Onone";
			};
			name = Debug;
		};
		BC3D0EB926C077000010918E /* Release */ = {
			isa = XCBuildConfiguration;
			buildSettings = {
				ALWAYS_SEARCH_USER_PATHS = NO;
				CLANG_ANALYZER_NONNULL = YES;
				CLANG_ANALYZER_NUMBER_OBJECT_CONVERSION = YES_AGGRESSIVE;
				CLANG_CXX_LANGUAGE_STANDARD = "gnu++14";
				CLANG_CXX_LIBRARY = "libc++";
				CLANG_ENABLE_MODULES = YES;
				CLANG_ENABLE_OBJC_ARC = YES;
				CLANG_ENABLE_OBJC_WEAK = YES;
				CLANG_WARN_BLOCK_CAPTURE_AUTORELEASING = YES;
				CLANG_WARN_BOOL_CONVERSION = YES;
				CLANG_WARN_COMMA = YES;
				CLANG_WARN_CONSTANT_CONVERSION = YES;
				CLANG_WARN_DEPRECATED_OBJC_IMPLEMENTATIONS = YES;
				CLANG_WARN_DIRECT_OBJC_ISA_USAGE = YES_ERROR;
				CLANG_WARN_DOCUMENTATION_COMMENTS = YES;
				CLANG_WARN_EMPTY_BODY = YES;
				CLANG_WARN_ENUM_CONVERSION = YES;
				CLANG_WARN_INFINITE_RECURSION = YES;
				CLANG_WARN_INT_CONVERSION = YES;
				CLANG_WARN_NON_LITERAL_NULL_CONVERSION = YES;
				CLANG_WARN_OBJC_IMPLICIT_RETAIN_SELF = YES;
				CLANG_WARN_OBJC_LITERAL_CONVERSION = YES;
				CLANG_WARN_OBJC_ROOT_CLASS = YES_ERROR;
				CLANG_WARN_QUOTED_INCLUDE_IN_FRAMEWORK_HEADER = YES;
				CLANG_WARN_RANGE_LOOP_ANALYSIS = YES;
				CLANG_WARN_STRICT_PROTOTYPES = YES;
				CLANG_WARN_SUSPICIOUS_MOVE = YES;
				CLANG_WARN_UNGUARDED_AVAILABILITY = YES_AGGRESSIVE;
				CLANG_WARN_UNREACHABLE_CODE = YES;
				CLANG_WARN__DUPLICATE_METHOD_MATCH = YES;
				COPY_PHASE_STRIP = NO;
				DEBUG_INFORMATION_FORMAT = "dwarf-with-dsym";
				ENABLE_NS_ASSERTIONS = NO;
				ENABLE_STRICT_OBJC_MSGSEND = YES;
				GCC_C_LANGUAGE_STANDARD = gnu11;
				GCC_NO_COMMON_BLOCKS = YES;
				GCC_WARN_64_TO_32_BIT_CONVERSION = YES;
				GCC_WARN_ABOUT_RETURN_TYPE = YES_ERROR;
				GCC_WARN_UNDECLARED_SELECTOR = YES;
				GCC_WARN_UNINITIALIZED_AUTOS = YES_AGGRESSIVE;
				GCC_WARN_UNUSED_FUNCTION = YES;
				GCC_WARN_UNUSED_VARIABLE = YES;
				IPHONEOS_DEPLOYMENT_TARGET = 14.1;
				MTL_ENABLE_DEBUG_INFO = NO;
				MTL_FAST_MATH = YES;
				SDKROOT = iphoneos;
				SWIFT_COMPILATION_MODE = wholemodule;
				SWIFT_OPTIMIZATION_LEVEL = "-O";
				VALIDATE_PRODUCT = YES;
			};
			name = Release;
		};
		BC3D0EBB26C077000010918E /* Debug */ = {
			isa = XCBuildConfiguration;
			baseConfigurationReference = 66B7090B55BF008D06FF9112 /* Pods-ShobuTenTen.debug.xcconfig */;
			buildSettings = {
				ASSETCATALOG_COMPILER_APPICON_NAME = AppIcon;
				ASSETCATALOG_COMPILER_GLOBAL_ACCENT_COLOR_NAME = AccentColor;
				CODE_SIGN_STYLE = Automatic;
				DEVELOPMENT_TEAM = 676A84J3QT;
				INFOPLIST_FILE = ShobuTenTen/Info.plist;
				LD_RUNPATH_SEARCH_PATHS = (
					"$(inherited)",
					"@executable_path/Frameworks",
				);
				PRODUCT_BUNDLE_IDENTIFIER = com.RyanKanno.ShobuTenTen;
				PRODUCT_NAME = "$(TARGET_NAME)";
				SWIFT_VERSION = 5.0;
				TARGETED_DEVICE_FAMILY = "1,2";
			};
			name = Debug;
		};
		BC3D0EBC26C077000010918E /* Release */ = {
			isa = XCBuildConfiguration;
			baseConfigurationReference = BC22C3770871414042D02421 /* Pods-ShobuTenTen.release.xcconfig */;
			buildSettings = {
				ASSETCATALOG_COMPILER_APPICON_NAME = AppIcon;
				ASSETCATALOG_COMPILER_GLOBAL_ACCENT_COLOR_NAME = AccentColor;
				CODE_SIGN_STYLE = Automatic;
				DEVELOPMENT_TEAM = 676A84J3QT;
				INFOPLIST_FILE = ShobuTenTen/Info.plist;
				LD_RUNPATH_SEARCH_PATHS = (
					"$(inherited)",
					"@executable_path/Frameworks",
				);
				PRODUCT_BUNDLE_IDENTIFIER = com.RyanKanno.ShobuTenTen;
				PRODUCT_NAME = "$(TARGET_NAME)";
				SWIFT_VERSION = 5.0;
				TARGETED_DEVICE_FAMILY = "1,2";
			};
			name = Release;
		};
/* End XCBuildConfiguration section */

/* Begin XCConfigurationList section */
		BC3D0EA126C076FF0010918E /* Build configuration list for PBXProject "ShobuTenTen" */ = {
			isa = XCConfigurationList;
			buildConfigurations = (
				BC3D0EB826C077000010918E /* Debug */,
				BC3D0EB926C077000010918E /* Release */,
			);
			defaultConfigurationIsVisible = 0;
			defaultConfigurationName = Release;
		};
		BC3D0EBA26C077000010918E /* Build configuration list for PBXNativeTarget "ShobuTenTen" */ = {
			isa = XCConfigurationList;
			buildConfigurations = (
				BC3D0EBB26C077000010918E /* Debug */,
				BC3D0EBC26C077000010918E /* Release */,
			);
			defaultConfigurationIsVisible = 0;
			defaultConfigurationName = Release;
		};
/* End XCConfigurationList section */
	};
	rootObject = BC3D0E9E26C076FF0010918E /* Project object */;
}
